
Microsoft Visual Studio Solution File, Format Version 12.00
# Visual Studio 15
VisualStudioVersion = 15.0.27703.2035
MinimumVisualStudioVersion = 10.0.40219.1
Project("{8BC9CEB8-8B4A-11D0-8D11-00A0C91BC942}") = "Prext_to_GCP", "Prext_to_GCP\Prext_to_GCP.vcxproj", "{E508A949-3D9B-42F3-95BD-7FFCB1FA26C6}"
EndProject
Global
	GlobalSection(SolutionConfigurationPlatforms) = preSolution
		Debug|x64 = Debug|x64
		Debug|x86 = Debug|x86
		Release|x64 = Release|x64
		Release|x86 = Release|x86
	EndGlobalSection
	GlobalSection(ProjectConfigurationPlatforms) = postSolution
		{E508A949-3D9B-42F3-95BD-7FFCB1FA26C6}.Debug|x64.ActiveCfg = Debug|x64
		{E508A949-3D9B-42F3-95BD-7FFCB1FA26C6}.Debug|x64.Build.0 = Debug|x64
		{E508A949-3D9B-42F3-95BD-7FFCB1FA26C6}.Debug|x86.ActiveCfg = Debug|Win32
		{E508A949-3D9B-42F3-95BD-7FFCB1FA26C6}.Debug|x86.Build.0 = Debug|Win32
		{E508A949-3D9B-42F3-95BD-7FFCB1FA26C6}.Release|x64.ActiveCfg = Release|x64
		{E508A949-3D9B-42F3-95BD-7FFCB1FA26C6}.Release|x64.Build.0 = Release|x64
		{E508A949-3D9B-42F3-95BD-7FFCB1FA26C6}.Release|x86.ActiveCfg = Release|Win32
		{E508A949-3D9B-42F3-95BD-7FFCB1FA26C6}.Release|x86.Build.0 = Release|Win32
	EndGlobalSection
	GlobalSection(SolutionProperties) = preSolution
		HideSolutionNode = FALSE
	EndGlobalSection
	GlobalSection(ExtensibilityGlobals) = postSolution
		SolutionGuid = {0C3113BE-6DD1-4E7C-B3CB-EBA2F098A965}
	EndGlobalSection
EndGlobal
